
Microsoft Visual Studio Solution File, Format Version 12.00
# Visual Studio Version 17
VisualStudioVersion = 17.1.32407.343
MinimumVisualStudioVersion = 10.0.40219.1
Project("{FAE04EC0-301F-11D3-BF4B-00C04F79EFBC}") = "WindowsFormsApp1", "WindowsFormsApp1\WindowsFormsApp1.csproj", "{046B0AB7-5DE5-4CF8-AAD3-CE1A2950937B}"
EndProject
Project("{FAE04EC0-301F-11D3-BF4B-00C04F79EFBC}") = "capa_entidad", "capa_entidad\capa_entidad.csproj", "{CD99543D-DF13-468C-8838-EA03F753F6B3}"
EndProject
Project("{FAE04EC0-301F-11D3-BF4B-00C04F79EFBC}") = "capa_datos", "capa_datos\capa_datos.csproj", "{2C9F888A-501D-4E24-97A1-75BB3610159B}"
EndProject
Project("{FAE04EC0-301F-11D3-BF4B-00C04F79EFBC}") = "capa_negocios", "capa_negocios\capa_negocios.csproj", "{0FB5C8A5-FE45-47E3-9903-12404342DCFF}"
EndProject
Global
	GlobalSection(SolutionConfigurationPlatforms) = preSolution
		Debug|Any CPU = Debug|Any CPU
		Release|Any CPU = Release|Any CPU
	EndGlobalSection
	GlobalSection(ProjectConfigurationPlatforms) = postSolution
		{046B0AB7-5DE5-4CF8-AAD3-CE1A2950937B}.Debug|Any CPU.ActiveCfg = Debug|Any CPU
		{046B0AB7-5DE5-4CF8-AAD3-CE1A2950937B}.Debug|Any CPU.Build.0 = Debug|Any CPU
		{046B0AB7-5DE5-4CF8-AAD3-CE1A2950937B}.Release|Any CPU.ActiveCfg = Release|Any CPU
		{046B0AB7-5DE5-4CF8-AAD3-CE1A2950937B}.Release|Any CPU.Build.0 = Release|Any CPU
		{CD99543D-DF13-468C-8838-EA03F753F6B3}.Debug|Any CPU.ActiveCfg = Debug|Any CPU
		{CD99543D-DF13-468C-8838-EA03F753F6B3}.Debug|Any CPU.Build.0 = Debug|Any CPU
		{CD99543D-DF13-468C-8838-EA03F753F6B3}.Release|Any CPU.ActiveCfg = Release|Any CPU
		{CD99543D-DF13-468C-8838-EA03F753F6B3}.Release|Any CPU.Build.0 = Release|Any CPU
		{2C9F888A-501D-4E24-97A1-75BB3610159B}.Debug|Any CPU.ActiveCfg = Debug|Any CPU
		{2C9F888A-501D-4E24-97A1-75BB3610159B}.Debug|Any CPU.Build.0 = Debug|Any CPU
		{2C9F888A-501D-4E24-97A1-75BB3610159B}.Release|Any CPU.ActiveCfg = Release|Any CPU
		{2C9F888A-501D-4E24-97A1-75BB3610159B}.Release|Any CPU.Build.0 = Release|Any CPU
		{0FB5C8A5-FE45-47E3-9903-12404342DCFF}.Debug|Any CPU.ActiveCfg = Debug|Any CPU
		{0FB5C8A5-FE45-47E3-9903-12404342DCFF}.Debug|Any CPU.Build.0 = Debug|Any CPU
		{0FB5C8A5-FE45-47E3-9903-12404342DCFF}.Release|Any CPU.ActiveCfg = Release|Any CPU
		{0FB5C8A5-FE45-47E3-9903-12404342DCFF}.Release|Any CPU.Build.0 = Release|Any CPU
	EndGlobalSection
	GlobalSection(SolutionProperties) = preSolution
		HideSolutionNode = FALSE
	EndGlobalSection
	GlobalSection(ExtensibilityGlobals) = postSolution
		SolutionGuid = {7C0C94EC-EC04-4D48-93DA-7107518AA856}
	EndGlobalSection
EndGlobal
